// !$*UTF8*$!
{
	archiveVersion = 1;
	classes = {
	};
	objectVersion = 50;
	objects = {

/* Begin PBXBuildFile section */
		A2288D64214FF95500D13883 /* NoteViewController.swift in Sources */ = {isa = PBXBuildFile; fileRef = A2288D63214FF95500D13883 /* NoteViewController.swift */; };
		A263D993214F7F4800FA37E9 /* AppDelegate.swift in Sources */ = {isa = PBXBuildFile; fileRef = A263D992214F7F4800FA37E9 /* AppDelegate.swift */; };
		A263D995214F7F4800FA37E9 /* NotesViewController.swift in Sources */ = {isa = PBXBuildFile; fileRef = A263D994214F7F4800FA37E9 /* NotesViewController.swift */; };
		A263D998214F7F4800FA37E9 /* Notes.storyboard in Resources */ = {isa = PBXBuildFile; fileRef = A263D996214F7F4800FA37E9 /* Notes.storyboard */; };
		A263D99A214F7F4C00FA37E9 /* Assets.xcassets in Resources */ = {isa = PBXBuildFile; fileRef = A263D999214F7F4C00FA37E9 /* Assets.xcassets */; };
		A263D99D214F7F4C00FA37E9 /* LaunchScreen.storyboard in Resources */ = {isa = PBXBuildFile; fileRef = A263D99B214F7F4C00FA37E9 /* LaunchScreen.storyboard */; };
		A263D9AC214F80A800FA37E9 /* CoreDataManager.swift in Sources */ = {isa = PBXBuildFile; fileRef = A263D9AB214F80A800FA37E9 /* CoreDataManager.swift */; };
		A263D9B0214F865600FA37E9 /* Notes.xcdatamodeld in Sources */ = {isa = PBXBuildFile; fileRef = A263D9AE214F865600FA37E9 /* Notes.xcdatamodeld */; };
		A263D9B4214FA09800FA37E9 /* AddNoteViewController.swift in Sources */ = {isa = PBXBuildFile; fileRef = A263D9B3214FA09800FA37E9 /* AddNoteViewController.swift */; };
		A263D9B7214FA4F700FA37E9 /* UIViewController.swift in Sources */ = {isa = PBXBuildFile; fileRef = A263D9B6214FA4F700FA37E9 /* UIViewController.swift */; };
		A263D9BA214FC0E400FA37E9 /* NoteTableViewCell.swift in Sources */ = {isa = PBXBuildFile; fileRef = A263D9B9214FC0E400FA37E9 /* NoteTableViewCell.swift */; };
		A263D9BD214FC7C400FA37E9 /* Note.swift in Sources */ = {isa = PBXBuildFile; fileRef = A263D9BC214FC7C400FA37E9 /* Note.swift */; };
/* End PBXBuildFile section */

/* Begin PBXFileReference section */
		A2288D63214FF95500D13883 /* NoteViewController.swift */ = {isa = PBXFileReference; lastKnownFileType = sourcecode.swift; path = NoteViewController.swift; sourceTree = "<group>"; };
		A263D98F214F7F4800FA37E9 /* Notes.app */ = {isa = PBXFileReference; explicitFileType = wrapper.application; includeInIndex = 0; path = Notes.app; sourceTree = BUILT_PRODUCTS_DIR; };
		A263D992214F7F4800FA37E9 /* AppDelegate.swift */ = {isa = PBXFileReference; lastKnownFileType = sourcecode.swift; path = AppDelegate.swift; sourceTree = "<group>"; };
		A263D994214F7F4800FA37E9 /* NotesViewController.swift */ = {isa = PBXFileReference; lastKnownFileType = sourcecode.swift; path = NotesViewController.swift; sourceTree = "<group>"; };
		A263D997214F7F4800FA37E9 /* Base */ = {isa = PBXFileReference; lastKnownFileType = file.storyboard; name = Base; path = Base.lproj/Notes.storyboard; sourceTree = "<group>"; };
		A263D999214F7F4C00FA37E9 /* Assets.xcassets */ = {isa = PBXFileReference; lastKnownFileType = folder.assetcatalog; path = Assets.xcassets; sourceTree = "<group>"; };
		A263D99C214F7F4C00FA37E9 /* Base */ = {isa = PBXFileReference; lastKnownFileType = file.storyboard; name = Base; path = Base.lproj/LaunchScreen.storyboard; sourceTree = "<group>"; };
		A263D99E214F7F4C00FA37E9 /* Info.plist */ = {isa = PBXFileReference; lastKnownFileType = text.plist.xml; path = Info.plist; sourceTree = "<group>"; };
		A263D9AB214F80A800FA37E9 /* CoreDataManager.swift */ = {isa = PBXFileReference; lastKnownFileType = sourcecode.swift; path = CoreDataManager.swift; sourceTree = "<group>"; };
		A263D9AF214F865600FA37E9 /* Notes.xcdatamodel */ = {isa = PBXFileReference; lastKnownFileType = wrapper.xcdatamodel; path = Notes.xcdatamodel; sourceTree = "<group>"; };
		A263D9B3214FA09800FA37E9 /* AddNoteViewController.swift */ = {isa = PBXFileReference; lastKnownFileType = sourcecode.swift; path = AddNoteViewController.swift; sourceTree = "<group>"; };
		A263D9B6214FA4F700FA37E9 /* UIViewController.swift */ = {isa = PBXFileReference; lastKnownFileType = sourcecode.swift; path = UIViewController.swift; sourceTree = "<group>"; };
		A263D9B9214FC0E400FA37E9 /* NoteTableViewCell.swift */ = {isa = PBXFileReference; lastKnownFileType = sourcecode.swift; path = NoteTableViewCell.swift; sourceTree = "<group>"; };
		A263D9BC214FC7C400FA37E9 /* Note.swift */ = {isa = PBXFileReference; lastKnownFileType = sourcecode.swift; path = Note.swift; sourceTree = "<group>"; };
/* End PBXFileReference section */

/* Begin PBXFrameworksBuildPhase section */
		A263D98C214F7F4800FA37E9 /* Frameworks */ = {
			isa = PBXFrameworksBuildPhase;
			buildActionMask = 2147483647;
			files = (
			);
			runOnlyForDeploymentPostprocessing = 0;
		};
/* End PBXFrameworksBuildPhase section */

/* Begin PBXGroup section */
		A2288D62214FF92A00D13883 /* Note View Controller */ = {
			isa = PBXGroup;
			children = (
				A2288D63214FF95500D13883 /* NoteViewController.swift */,
			);
			path = "Note View Controller";
			sourceTree = "<group>";
		};
		A263D986214F7F4800FA37E9 = {
			isa = PBXGroup;
			children = (
				A263D991214F7F4800FA37E9 /* Notes */,
				A263D990214F7F4800FA37E9 /* Products */,
			);
			sourceTree = "<group>";
		};
		A263D990214F7F4800FA37E9 /* Products */ = {
			isa = PBXGroup;
			children = (
				A263D98F214F7F4800FA37E9 /* Notes.app */,
			);
			name = Products;
			sourceTree = "<group>";
		};
		A263D991214F7F4800FA37E9 /* Notes */ = {
			isa = PBXGroup;
			children = (
				A263D9AD214F863800FA37E9 /* Core Data */,
				A263D9A4214F7F7D00FA37E9 /* Application Delegate */,
				A263D9A5214F7F8800FA37E9 /* View Controllers */,
				A263D9A7214F7F9D00FA37E9 /* Storyboards */,
				A263D9A8214F7FA900FA37E9 /* Resources */,
				A263D9B5214FA0B900FA37E9 /* Extensions */,
				A263D9AA214F807200FA37E9 /* Managers */,
				A263D9A9214F7FB000FA37E9 /* Supporting Files */,
			);
			path = Notes;
			sourceTree = "<group>";
		};
		A263D9A4214F7F7D00FA37E9 /* Application Delegate */ = {
			isa = PBXGroup;
			children = (
				A263D992214F7F4800FA37E9 /* AppDelegate.swift */,
			);
			path = "Application Delegate";
			sourceTree = "<group>";
		};
		A263D9A5214F7F8800FA37E9 /* View Controllers */ = {
			isa = PBXGroup;
			children = (
				A263D9BE214FCB3200FA37E9 /* Notes */,
			);
			path = "View Controllers";
			sourceTree = "<group>";
		};
		A263D9A7214F7F9D00FA37E9 /* Storyboards */ = {
			isa = PBXGroup;
			children = (
				A263D996214F7F4800FA37E9 /* Notes.storyboard */,
				A263D99B214F7F4C00FA37E9 /* LaunchScreen.storyboard */,
			);
			path = Storyboards;
			sourceTree = "<group>";
		};
		A263D9A8214F7FA900FA37E9 /* Resources */ = {
			isa = PBXGroup;
			children = (
				A263D999214F7F4C00FA37E9 /* Assets.xcassets */,
			);
			path = Resources;
			sourceTree = "<group>";
		};
		A263D9A9214F7FB000FA37E9 /* Supporting Files */ = {
			isa = PBXGroup;
			children = (
				A263D99E214F7F4C00FA37E9 /* Info.plist */,
			);
			path = "Supporting Files";
			sourceTree = "<group>";
		};
		A263D9AA214F807200FA37E9 /* Managers */ = {
			isa = PBXGroup;
			children = (
				A263D9AB214F80A800FA37E9 /* CoreDataManager.swift */,
			);
			path = Managers;
			sourceTree = "<group>";
		};
		A263D9AD214F863800FA37E9 /* Core Data */ = {
			isa = PBXGroup;
			children = (
				A263D9BB214FC7B200FA37E9 /* Extensions */,
				A263D9AE214F865600FA37E9 /* Notes.xcdatamodeld */,
			);
			path = "Core Data";
			sourceTree = "<group>";
		};
		A263D9B1214FA03C00FA37E9 /* Notes View Controller */ = {
			isa = PBXGroup;
			children = (
				A263D994214F7F4800FA37E9 /* NotesViewController.swift */,
				A263D9B8214FC0BC00FA37E9 /* Table View Cells */,
			);
			path = "Notes View Controller";
			sourceTree = "<group>";
		};
		A263D9B2214FA05000FA37E9 /* Add Note View Controller */ = {
			isa = PBXGroup;
			children = (
				A263D9B3214FA09800FA37E9 /* AddNoteViewController.swift */,
			);
			path = "Add Note View Controller";
			sourceTree = "<group>";
		};
		A263D9B5214FA0B900FA37E9 /* Extensions */ = {
			isa = PBXGroup;
			children = (
				A263D9B6214FA4F700FA37E9 /* UIViewController.swift */,
			);
			path = Extensions;
			sourceTree = "<group>";
		};
		A263D9B8214FC0BC00FA37E9 /* Table View Cells */ = {
			isa = PBXGroup;
			children = (
				A263D9B9214FC0E400FA37E9 /* NoteTableViewCell.swift */,
			);
			path = "Table View Cells";
			sourceTree = "<group>";
		};
		A263D9BB214FC7B200FA37E9 /* Extensions */ = {
			isa = PBXGroup;
			children = (
				A263D9BC214FC7C400FA37E9 /* Note.swift */,
			);
			path = Extensions;
			sourceTree = "<group>";
		};
		A263D9BE214FCB3200FA37E9 /* Notes */ = {
			isa = PBXGroup;
			children = (
				A2288D62214FF92A00D13883 /* Note View Controller */,
				A263D9B1214FA03C00FA37E9 /* Notes View Controller */,
				A263D9B2214FA05000FA37E9 /* Add Note View Controller */,
			);
			path = Notes;
			sourceTree = "<group>";
		};
/* End PBXGroup section */

/* Begin PBXNativeTarget section */
		A263D98E214F7F4800FA37E9 /* Notes */ = {
			isa = PBXNativeTarget;
			buildConfigurationList = A263D9A1214F7F4C00FA37E9 /* Build configuration list for PBXNativeTarget "Notes" */;
			buildPhases = (
				A263D98B214F7F4800FA37E9 /* Sources */,
				A263D98C214F7F4800FA37E9 /* Frameworks */,
				A263D98D214F7F4800FA37E9 /* Resources */,
			);
			buildRules = (
			);
			dependencies = (
			);
			name = Notes;
			productName = Notes;
			productReference = A263D98F214F7F4800FA37E9 /* Notes.app */;
			productType = "com.apple.product-type.application";
		};
/* End PBXNativeTarget section */

/* Begin PBXProject section */
		A263D987214F7F4800FA37E9 /* Project object */ = {
			isa = PBXProject;
			attributes = {
				LastSwiftUpdateCheck = 0940;
				LastUpgradeCheck = 0940;
				ORGANIZATIONNAME = "Marian Stanciulica";
				TargetAttributes = {
					A263D98E214F7F4800FA37E9 = {
						CreatedOnToolsVersion = 9.4;
					};
				};
			};
			buildConfigurationList = A263D98A214F7F4800FA37E9 /* Build configuration list for PBXProject "Notes" */;
			compatibilityVersion = "Xcode 9.3";
			developmentRegion = en;
			hasScannedForEncodings = 0;
			knownRegions = (
				en,
				Base,
			);
			mainGroup = A263D986214F7F4800FA37E9;
			productRefGroup = A263D990214F7F4800FA37E9 /* Products */;
			projectDirPath = "";
			projectRoot = "";
			targets = (
				A263D98E214F7F4800FA37E9 /* Notes */,
			);
		};
/* End PBXProject section */

/* Begin PBXResourcesBuildPhase section */
		A263D98D214F7F4800FA37E9 /* Resources */ = {
			isa = PBXResourcesBuildPhase;
			buildActionMask = 2147483647;
			files = (
				A263D99D214F7F4C00FA37E9 /* LaunchScreen.storyboard in Resources */,
				A263D99A214F7F4C00FA37E9 /* Assets.xcassets in Resources */,
				A263D998214F7F4800FA37E9 /* Notes.storyboard in Resources */,
			);
			runOnlyForDeploymentPostprocessing = 0;
		};
/* End PBXResourcesBuildPhase section */

/* Begin PBXSourcesBuildPhase section */
		A263D98B214F7F4800FA37E9 /* Sources */ = {
			isa = PBXSourcesBuildPhase;
			buildActionMask = 2147483647;
			files = (
				A263D9AC214F80A800FA37E9 /* CoreDataManager.swift in Sources */,
				A263D995214F7F4800FA37E9 /* NotesViewController.swift in Sources */,
				A263D9B7214FA4F700FA37E9 /* UIViewController.swift in Sources */,
				A263D9BD214FC7C400FA37E9 /* Note.swift in Sources */,
				A2288D64214FF95500D13883 /* NoteViewController.swift in Sources */,
				A263D993214F7F4800FA37E9 /* AppDelegate.swift in Sources */,
				A263D9B4214FA09800FA37E9 /* AddNoteViewController.swift in Sources */,
				A263D9BA214FC0E400FA37E9 /* NoteTableViewCell.swift in Sources */,
				A263D9B0214F865600FA37E9 /* Notes.xcdatamodeld in Sources */,
			);
			runOnlyForDeploymentPostprocessing = 0;
		};
/* End PBXSourcesBuildPhase section */

/* Begin PBXVariantGroup section */
		A263D996214F7F4800FA37E9 /* Notes.storyboard */ = {
			isa = PBXVariantGroup;
			children = (
				A263D997214F7F4800FA37E9 /* Base */,
			);
			name = Notes.storyboard;
			sourceTree = "<group>";
		};
		A263D99B214F7F4C00FA37E9 /* LaunchScreen.storyboard */ = {
			isa = PBXVariantGroup;
			children = (
				A263D99C214F7F4C00FA37E9 /* Base */,
			);
			name = LaunchScreen.storyboard;
			sourceTree = "<group>";
		};
/* End PBXVariantGroup section */

/* Begin XCBuildConfiguration section */
		A263D99F214F7F4C00FA37E9 /* Debug */ = {
			isa = XCBuildConfiguration;
			buildSettings = {
				ALWAYS_SEARCH_USER_PATHS = NO;
				CLANG_ANALYZER_NONNULL = YES;
				CLANG_ANALYZER_NUMBER_OBJECT_CONVERSION = YES_AGGRESSIVE;
				CLANG_CXX_LANGUAGE_STANDARD = "gnu++14";
				CLANG_CXX_LIBRARY = "libc++";
				CLANG_ENABLE_MODULES = YES;
				CLANG_ENABLE_OBJC_ARC = YES;
				CLANG_ENABLE_OBJC_WEAK = YES;
				CLANG_WARN_BLOCK_CAPTURE_AUTORELEASING = YES;
				CLANG_WARN_BOOL_CONVERSION = YES;
				CLANG_WARN_COMMA = YES;
				CLANG_WARN_CONSTANT_CONVERSION = YES;
				CLANG_WARN_DEPRECATED_OBJC_IMPLEMENTATIONS = YES;
				CLANG_WARN_DIRECT_OBJC_ISA_USAGE = YES_ERROR;
				CLANG_WARN_DOCUMENTATION_COMMENTS = YES;
				CLANG_WARN_EMPTY_BODY = YES;
				CLANG_WARN_ENUM_CONVERSION = YES;
				CLANG_WARN_INFINITE_RECURSION = YES;
				CLANG_WARN_INT_CONVERSION = YES;
				CLANG_WARN_NON_LITERAL_NULL_CONVERSION = YES;
				CLANG_WARN_OBJC_IMPLICIT_RETAIN_SELF = YES;
				CLANG_WARN_OBJC_LITERAL_CONVERSION = YES;
				CLANG_WARN_OBJC_ROOT_CLASS = YES_ERROR;
				CLANG_WARN_RANGE_LOOP_ANALYSIS = YES;
				CLANG_WARN_STRICT_PROTOTYPES = YES;
				CLANG_WARN_SUSPICIOUS_MOVE = YES;
				CLANG_WARN_UNGUARDED_AVAILABILITY = YES_AGGRESSIVE;
				CLANG_WARN_UNREACHABLE_CODE = YES;
				CLANG_WARN__DUPLICATE_METHOD_MATCH = YES;
				CODE_SIGN_IDENTITY = "iPhone Developer";
				COPY_PHASE_STRIP = NO;
				DEBUG_INFORMATION_FORMAT = dwarf;
				ENABLE_STRICT_OBJC_MSGSEND = YES;
				ENABLE_TESTABILITY = YES;
				GCC_C_LANGUAGE_STANDARD = gnu11;
				GCC_DYNAMIC_NO_PIC = NO;
				GCC_NO_COMMON_BLOCKS = YES;
				GCC_OPTIMIZATION_LEVEL = 0;
				GCC_PREPROCESSOR_DEFINITIONS = (
					"DEBUG=1",
					"$(inherited)",
				);
				GCC_WARN_64_TO_32_BIT_CONVERSION = YES;
				GCC_WARN_ABOUT_RETURN_TYPE = YES_ERROR;
				GCC_WARN_UNDECLARED_SELECTOR = YES;
				GCC_WARN_UNINITIALIZED_AUTOS = YES_AGGRESSIVE;
				GCC_WARN_UNUSED_FUNCTION = YES;
				GCC_WARN_UNUSED_VARIABLE = YES;
				IPHONEOS_DEPLOYMENT_TARGET = 11.4;
				MTL_ENABLE_DEBUG_INFO = YES;
				ONLY_ACTIVE_ARCH = YES;
				SDKROOT = iphoneos;
				SWIFT_ACTIVE_COMPILATION_CONDITIONS = DEBUG;
				SWIFT_OPTIMIZATION_LEVEL = "-Onone";
			};
			name = Debug;
		};
		A263D9A0214F7F4C00FA37E9 /* Release */ = {
			isa = XCBuildConfiguration;
			buildSettings = {
				ALWAYS_SEARCH_USER_PATHS = NO;
				CLANG_ANALYZER_NONNULL = YES;
				CLANG_ANALYZER_NUMBER_OBJECT_CONVERSION = YES_AGGRESSIVE;
				CLANG_CXX_LANGUAGE_STANDARD = "gnu++14";
				CLANG_CXX_LIBRARY = "libc++";
				CLANG_ENABLE_MODULES = YES;
				CLANG_ENABLE_OBJC_ARC = YES;
				CLANG_ENABLE_OBJC_WEAK = YES;
				CLANG_WARN_BLOCK_CAPTURE_AUTORELEASING = YES;
				CLANG_WARN_BOOL_CONVERSION = YES;
				CLANG_WARN_COMMA = YES;
				CLANG_WARN_CONSTANT_CONVERSION = YES;
				CLANG_WARN_DEPRECATED_OBJC_IMPLEMENTATIONS = YES;
				CLANG_WARN_DIRECT_OBJC_ISA_USAGE = YES_ERROR;
				CLANG_WARN_DOCUMENTATION_COMMENTS = YES;
				CLANG_WARN_EMPTY_BODY = YES;
				CLANG_WARN_ENUM_CONVERSION = YES;
				CLANG_WARN_INFINITE_RECURSION = YES;
				CLANG_WARN_INT_CONVERSION = YES;
				CLANG_WARN_NON_LITERAL_NULL_CONVERSION = YES;
				CLANG_WARN_OBJC_IMPLICIT_RETAIN_SELF = YES;
				CLANG_WARN_OBJC_LITERAL_CONVERSION = YES;
				CLANG_WARN_OBJC_ROOT_CLASS = YES_ERROR;
				CLANG_WARN_RANGE_LOOP_ANALYSIS = YES;
				CLANG_WARN_STRICT_PROTOTYPES = YES;
				CLANG_WARN_SUSPICIOUS_MOVE = YES;
				CLANG_WARN_UNGUARDED_AVAILABILITY = YES_AGGRESSIVE;
				CLANG_WARN_UNREACHABLE_CODE = YES;
				CLANG_WARN__DUPLICATE_METHOD_MATCH = YES;
				CODE_SIGN_IDENTITY = "iPhone Developer";
				COPY_PHASE_STRIP = NO;
				DEBUG_INFORMATION_FORMAT = "dwarf-with-dsym";
				ENABLE_NS_ASSERTIONS = NO;
				ENABLE_STRICT_OBJC_MSGSEND = YES;
				GCC_C_LANGUAGE_STANDARD = gnu11;
				GCC_NO_COMMON_BLOCKS = YES;
				GCC_WARN_64_TO_32_BIT_CONVERSION = YES;
				GCC_WARN_ABOUT_RETURN_TYPE = YES_ERROR;
				GCC_WARN_UNDECLARED_SELECTOR = YES;
				GCC_WARN_UNINITIALIZED_AUTOS = YES_AGGRESSIVE;
				GCC_WARN_UNUSED_FUNCTION = YES;
				GCC_WARN_UNUSED_VARIABLE = YES;
				IPHONEOS_DEPLOYMENT_TARGET = 11.4;
				MTL_ENABLE_DEBUG_INFO = NO;
				SDKROOT = iphoneos;
				SWIFT_COMPILATION_MODE = wholemodule;
				SWIFT_OPTIMIZATION_LEVEL = "-O";
				VALIDATE_PRODUCT = YES;
			};
			name = Release;
		};
		A263D9A2214F7F4C00FA37E9 /* Debug */ = {
			isa = XCBuildConfiguration;
			buildSettings = {
				ASSETCATALOG_COMPILER_APPICON_NAME = AppIcon;
				CODE_SIGN_STYLE = Automatic;
				DEVELOPMENT_TEAM = ULSKSPKFH7;
				INFOPLIST_FILE = "$(SRCROOT)/Notes/Supporting Files/Info.plist";
				LD_RUNPATH_SEARCH_PATHS = (
					"$(inherited)",
					"@executable_path/Frameworks",
				);
				PRODUCT_BUNDLE_IDENTIFIER = com.marian.Notes;
				PRODUCT_NAME = "$(TARGET_NAME)";
				SWIFT_VERSION = 4.0;
				TARGETED_DEVICE_FAMILY = "1,2";
			};
			name = Debug;
		};
		A263D9A3214F7F4C00FA37E9 /* Release */ = {
			isa = XCBuildConfiguration;
			buildSettings = {
				ASSETCATALOG_COMPILER_APPICON_NAME = AppIcon;
				CODE_SIGN_STYLE = Automatic;
				DEVELOPMENT_TEAM = ULSKSPKFH7;
				INFOPLIST_FILE = "$(SRCROOT)/Notes/Supporting Files/Info.plist";
				LD_RUNPATH_SEARCH_PATHS = (
					"$(inherited)",
					"@executable_path/Frameworks",
				);
				PRODUCT_BUNDLE_IDENTIFIER = com.marian.Notes;
				PRODUCT_NAME = "$(TARGET_NAME)";
				SWIFT_VERSION = 4.0;
				TARGETED_DEVICE_FAMILY = "1,2";
			};
			name = Release;
		};
/* End XCBuildConfiguration section */

/* Begin XCConfigurationList section */
		A263D98A214F7F4800FA37E9 /* Build configuration list for PBXProject "Notes" */ = {
			isa = XCConfigurationList;
			buildConfigurations = (
				A263D99F214F7F4C00FA37E9 /* Debug */,
				A263D9A0214F7F4C00FA37E9 /* Release */,
			);
			defaultConfigurationIsVisible = 0;
			defaultConfigurationName = Release;
		};
		A263D9A1214F7F4C00FA37E9 /* Build configuration list for PBXNativeTarget "Notes" */ = {
			isa = XCConfigurationList;
			buildConfigurations = (
				A263D9A2214F7F4C00FA37E9 /* Debug */,
				A263D9A3214F7F4C00FA37E9 /* Release */,
			);
			defaultConfigurationIsVisible = 0;
			defaultConfigurationName = Release;
		};
/* End XCConfigurationList section */

/* Begin XCVersionGroup section */
		A263D9AE214F865600FA37E9 /* Notes.xcdatamodeld */ = {
			isa = XCVersionGroup;
			children = (
				A263D9AF214F865600FA37E9 /* Notes.xcdatamodel */,
			);
			currentVersion = A263D9AF214F865600FA37E9 /* Notes.xcdatamodel */;
			path = Notes.xcdatamodeld;
			sourceTree = "<group>";
			versionGroupType = wrapper.xcdatamodel;
		};
/* End XCVersionGroup section */
	};
	rootObject = A263D987214F7F4800FA37E9 /* Project object */;
}
